
Microsoft Visual Studio Solution File, Format Version 12.00
# Visual Studio 15
VisualStudioVersion = 15.0.27428.2015
MinimumVisualStudioVersion = 10.0.40219.1
Project("{A07B5EB6-E848-4116-A8D0-A826331D98C6}") = "HelloWorld", "HelloWorld\HelloWorld.sfproj", "{B59060E3-42FA-41E3-BF6D-654D8A82A062}"
EndProject
Project("{FAE04EC0-301F-11D3-BF4B-00C04F79EFBC}") = "Stateless1", "Stateless1\Stateless1.csproj", "{7E0AD293-10C2-4352-99EB-D077B314AACA}"
EndProject
Project("{FAE04EC0-301F-11D3-BF4B-00C04F79EFBC}") = "HelloWorldStateful", "HelloWorldStateful\HelloWorldStateful.csproj", "{6ED9F31B-6C17-4A42-A53F-42B8B8018248}"
EndProject
Global
	GlobalSection(SolutionConfigurationPlatforms) = preSolution
		Debug|Any CPU = Debug|Any CPU
		Debug|x64 = Debug|x64
		Release|Any CPU = Release|Any CPU
		Release|x64 = Release|x64
	EndGlobalSection
	GlobalSection(ProjectConfigurationPlatforms) = postSolution
		{B59060E3-42FA-41E3-BF6D-654D8A82A062}.Debug|Any CPU.ActiveCfg = Debug|x64
		{B59060E3-42FA-41E3-BF6D-654D8A82A062}.Debug|x64.ActiveCfg = Debug|x64
		{B59060E3-42FA-41E3-BF6D-654D8A82A062}.Debug|x64.Build.0 = Debug|x64
		{B59060E3-42FA-41E3-BF6D-654D8A82A062}.Debug|x64.Deploy.0 = Debug|x64
		{B59060E3-42FA-41E3-BF6D-654D8A82A062}.Release|Any CPU.ActiveCfg = Release|x64
		{B59060E3-42FA-41E3-BF6D-654D8A82A062}.Release|x64.ActiveCfg = Release|x64
		{B59060E3-42FA-41E3-BF6D-654D8A82A062}.Release|x64.Build.0 = Release|x64
		{B59060E3-42FA-41E3-BF6D-654D8A82A062}.Release|x64.Deploy.0 = Release|x64
		{7E0AD293-10C2-4352-99EB-D077B314AACA}.Debug|Any CPU.ActiveCfg = Debug|Any CPU
		{7E0AD293-10C2-4352-99EB-D077B314AACA}.Debug|Any CPU.Build.0 = Debug|Any CPU
		{7E0AD293-10C2-4352-99EB-D077B314AACA}.Debug|x64.ActiveCfg = Debug|Any CPU
		{7E0AD293-10C2-4352-99EB-D077B314AACA}.Debug|x64.Build.0 = Debug|Any CPU
		{7E0AD293-10C2-4352-99EB-D077B314AACA}.Release|Any CPU.ActiveCfg = Release|Any CPU
		{7E0AD293-10C2-4352-99EB-D077B314AACA}.Release|Any CPU.Build.0 = Release|Any CPU
		{7E0AD293-10C2-4352-99EB-D077B314AACA}.Release|x64.ActiveCfg = Release|Any CPU
		{7E0AD293-10C2-4352-99EB-D077B314AACA}.Release|x64.Build.0 = Release|Any CPU
		{6ED9F31B-6C17-4A42-A53F-42B8B8018248}.Debug|Any CPU.ActiveCfg = Debug|Any CPU
		{6ED9F31B-6C17-4A42-A53F-42B8B8018248}.Debug|Any CPU.Build.0 = Debug|Any CPU
		{6ED9F31B-6C17-4A42-A53F-42B8B8018248}.Debug|x64.ActiveCfg = Debug|Any CPU
		{6ED9F31B-6C17-4A42-A53F-42B8B8018248}.Debug|x64.Build.0 = Debug|Any CPU
		{6ED9F31B-6C17-4A42-A53F-42B8B8018248}.Release|Any CPU.ActiveCfg = Release|Any CPU
		{6ED9F31B-6C17-4A42-A53F-42B8B8018248}.Release|Any CPU.Build.0 = Release|Any CPU
		{6ED9F31B-6C17-4A42-A53F-42B8B8018248}.Release|x64.ActiveCfg = Release|Any CPU
		{6ED9F31B-6C17-4A42-A53F-42B8B8018248}.Release|x64.Build.0 = Release|Any CPU
	EndGlobalSection
	GlobalSection(SolutionProperties) = preSolution
		HideSolutionNode = FALSE
	EndGlobalSection
	GlobalSection(ExtensibilityGlobals) = postSolution
		SolutionGuid = {DECC28A1-1AF3-41C5-A02C-C4A8BC67AD1F}
	EndGlobalSection
EndGlobal
